
Microsoft Visual Studio Solution File, Format Version 12.00
# Visual Studio Version 17
VisualStudioVersion = 17.0.31903.59
MinimumVisualStudioVersion = 10.0.40219.1
Project("{FAE04EC0-301F-11D3-BF4B-00C04F79EFBC}") = "Umbraco.Blog.Web", "Umbraco.Blog.Web\Umbraco.Blog.Web.csproj", "{13C7E39B-F777-4361-BCC5-77A7EC5FB05E}"
EndProject
Project("{2150E333-8FDC-42A3-9474-1A3956D46DE8}") = "_Solution Items", "_Solution Items", "{A51B3D32-F42A-4DE6-B389-FD2060E41472}"
	ProjectSection(SolutionItems) = preProject
		..\.gitignore = ..\.gitignore
		..\README.md = ..\README.md
		.dockerignore = .dockerignore
		.editorconfig = .editorconfig
		Directory.Packages.props = Directory.Packages.props
		nuget.config = nuget.config
		Directory.Build.props = Directory.Build.props
		global.json = global.json
	EndProjectSection
EndProject
Project("{FAE04EC0-301F-11D3-BF4B-00C04F79EFBC}") = "Umbraco.Blog.Domain", "Umbraco.Blog.Domain\Umbraco.Blog.Domain.csproj", "{CC81CF06-4044-4281-8293-A77D7735B0F5}"
EndProject
Project("{FAE04EC0-301F-11D3-BF4B-00C04F79EFBC}") = "Umbraco.Blog.Core", "Umbraco.Blog.Core\Umbraco.Blog.Core.csproj", "{079CE9E4-7C71-457B-8892-8AEA1DDB00F2}"
EndProject
Project("{FAE04EC0-301F-11D3-BF4B-00C04F79EFBC}") = "Umbraco.Blog.Services", "Umbraco.Blog.Services\Umbraco.Blog.Services.csproj", "{42709BFF-071B-4BDF-9BC4-0F0F62665FC0}"
EndProject
Global
	GlobalSection(SolutionConfigurationPlatforms) = preSolution
		Debug|Any CPU = Debug|Any CPU
		Release|Any CPU = Release|Any CPU
	EndGlobalSection
	GlobalSection(ProjectConfigurationPlatforms) = postSolution
		{13C7E39B-F777-4361-BCC5-77A7EC5FB05E}.Debug|Any CPU.ActiveCfg = Debug|Any CPU
		{13C7E39B-F777-4361-BCC5-77A7EC5FB05E}.Debug|Any CPU.Build.0 = Debug|Any CPU
		{13C7E39B-F777-4361-BCC5-77A7EC5FB05E}.Release|Any CPU.ActiveCfg = Release|Any CPU
		{13C7E39B-F777-4361-BCC5-77A7EC5FB05E}.Release|Any CPU.Build.0 = Release|Any CPU
		{CC81CF06-4044-4281-8293-A77D7735B0F5}.Debug|Any CPU.ActiveCfg = Debug|Any CPU
		{CC81CF06-4044-4281-8293-A77D7735B0F5}.Debug|Any CPU.Build.0 = Debug|Any CPU
		{CC81CF06-4044-4281-8293-A77D7735B0F5}.Release|Any CPU.ActiveCfg = Release|Any CPU
		{CC81CF06-4044-4281-8293-A77D7735B0F5}.Release|Any CPU.Build.0 = Release|Any CPU
		{079CE9E4-7C71-457B-8892-8AEA1DDB00F2}.Debug|Any CPU.ActiveCfg = Debug|Any CPU
		{079CE9E4-7C71-457B-8892-8AEA1DDB00F2}.Debug|Any CPU.Build.0 = Debug|Any CPU
		{079CE9E4-7C71-457B-8892-8AEA1DDB00F2}.Release|Any CPU.ActiveCfg = Release|Any CPU
		{079CE9E4-7C71-457B-8892-8AEA1DDB00F2}.Release|Any CPU.Build.0 = Release|Any CPU
		{42709BFF-071B-4BDF-9BC4-0F0F62665FC0}.Debug|Any CPU.ActiveCfg = Debug|Any CPU
		{42709BFF-071B-4BDF-9BC4-0F0F62665FC0}.Debug|Any CPU.Build.0 = Debug|Any CPU
		{42709BFF-071B-4BDF-9BC4-0F0F62665FC0}.Release|Any CPU.ActiveCfg = Release|Any CPU
		{42709BFF-071B-4BDF-9BC4-0F0F62665FC0}.Release|Any CPU.Build.0 = Release|Any CPU
	EndGlobalSection
	GlobalSection(SolutionProperties) = preSolution
		HideSolutionNode = FALSE
	EndGlobalSection
EndGlobal
